// !$*UTF8*$!
{
	archiveVersion = 1;
	classes = {
	};
	objectVersion = 55;
	objects = {

/* Begin PBXBuildFile section */
		B51B89892981B7EB00722859 /* nuevoElemento.swift in Sources */ = {isa = PBXBuildFile; fileRef = B51B89882981B7EB00722859 /* nuevoElemento.swift */; };
		B567D4A32979D8DA001236F1 /* Tabla_Coches.swift in Sources */ = {isa = PBXBuildFile; fileRef = B567D4A22979D8DA001236F1 /* Tabla_Coches.swift */; };
		B567D4A52979D9E0001236F1 /* Celda_Coches.swift in Sources */ = {isa = PBXBuildFile; fileRef = B567D4A42979D9E0001236F1 /* Celda_Coches.swift */; };
		B5822BCD29709E6400C71650 /* AppDelegate.swift in Sources */ = {isa = PBXBuildFile; fileRef = B5822BCC29709E6400C71650 /* AppDelegate.swift */; };
		B5822BCF29709E6400C71650 /* SceneDelegate.swift in Sources */ = {isa = PBXBuildFile; fileRef = B5822BCE29709E6400C71650 /* SceneDelegate.swift */; };
		B5822BD129709E6400C71650 /* ViewController.swift in Sources */ = {isa = PBXBuildFile; fileRef = B5822BD029709E6400C71650 /* ViewController.swift */; };
		B5822BD429709E6400C71650 /* Main.storyboard in Resources */ = {isa = PBXBuildFile; fileRef = B5822BD229709E6400C71650 /* Main.storyboard */; };
		B5822BD629709E6800C71650 /* Assets.xcassets in Resources */ = {isa = PBXBuildFile; fileRef = B5822BD529709E6800C71650 /* Assets.xcassets */; };
		B5822BD929709E6800C71650 /* LaunchScreen.storyboard in Resources */ = {isa = PBXBuildFile; fileRef = B5822BD729709E6800C71650 /* LaunchScreen.storyboard */; };
/* End PBXBuildFile section */

/* Begin PBXFileReference section */
		B51B89882981B7EB00722859 /* nuevoElemento.swift */ = {isa = PBXFileReference; lastKnownFileType = sourcecode.swift; path = nuevoElemento.swift; sourceTree = "<group>"; };
		B567D4A22979D8DA001236F1 /* Tabla_Coches.swift */ = {isa = PBXFileReference; lastKnownFileType = sourcecode.swift; path = Tabla_Coches.swift; sourceTree = "<group>"; };
		B567D4A42979D9E0001236F1 /* Celda_Coches.swift */ = {isa = PBXFileReference; lastKnownFileType = sourcecode.swift; path = Celda_Coches.swift; sourceTree = "<group>"; };
		B5822BC929709E6400C71650 /* Nueva_App_LHB.app */ = {isa = PBXFileReference; explicitFileType = wrapper.application; includeInIndex = 0; path = Nueva_App_LHB.app; sourceTree = BUILT_PRODUCTS_DIR; };
		B5822BCC29709E6400C71650 /* AppDelegate.swift */ = {isa = PBXFileReference; lastKnownFileType = sourcecode.swift; path = AppDelegate.swift; sourceTree = "<group>"; };
		B5822BCE29709E6400C71650 /* SceneDelegate.swift */ = {isa = PBXFileReference; lastKnownFileType = sourcecode.swift; path = SceneDelegate.swift; sourceTree = "<group>"; };
		B5822BD029709E6400C71650 /* ViewController.swift */ = {isa = PBXFileReference; lastKnownFileType = sourcecode.swift; path = ViewController.swift; sourceTree = "<group>"; };
		B5822BD329709E6400C71650 /* Base */ = {isa = PBXFileReference; lastKnownFileType = file.storyboard; name = Base; path = Base.lproj/Main.storyboard; sourceTree = "<group>"; };
		B5822BD529709E6800C71650 /* Assets.xcassets */ = {isa = PBXFileReference; lastKnownFileType = folder.assetcatalog; path = Assets.xcassets; sourceTree = "<group>"; };
		B5822BD829709E6800C71650 /* Base */ = {isa = PBXFileReference; lastKnownFileType = file.storyboard; name = Base; path = Base.lproj/LaunchScreen.storyboard; sourceTree = "<group>"; };
		B5822BDA29709E6800C71650 /* Info.plist */ = {isa = PBXFileReference; lastKnownFileType = text.plist.xml; path = Info.plist; sourceTree = "<group>"; };
/* End PBXFileReference section */

/* Begin PBXFrameworksBuildPhase section */
		B5822BC629709E6400C71650 /* Frameworks */ = {
			isa = PBXFrameworksBuildPhase;
			buildActionMask = 2147483647;
			files = (
			);
			runOnlyForDeploymentPostprocessing = 0;
		};
/* End PBXFrameworksBuildPhase section */

/* Begin PBXGroup section */
		B5822BC029709E6400C71650 = {
			isa = PBXGroup;
			children = (
				B5822BCB29709E6400C71650 /* Nueva_App_LHB */,
				B5822BCA29709E6400C71650 /* Products */,
			);
			sourceTree = "<group>";
		};
		B5822BCA29709E6400C71650 /* Products */ = {
			isa = PBXGroup;
			children = (
				B5822BC929709E6400C71650 /* Nueva_App_LHB.app */,
			);
			name = Products;
			sourceTree = "<group>";
		};
		B5822BCB29709E6400C71650 /* Nueva_App_LHB */ = {
			isa = PBXGroup;
			children = (
				B5822BCC29709E6400C71650 /* AppDelegate.swift */,
				B5822BCE29709E6400C71650 /* SceneDelegate.swift */,
				B5822BD029709E6400C71650 /* ViewController.swift */,
				B5822BD229709E6400C71650 /* Main.storyboard */,
				B567D4A22979D8DA001236F1 /* Tabla_Coches.swift */,
				B51B89882981B7EB00722859 /* nuevoElemento.swift */,
				B567D4A42979D9E0001236F1 /* Celda_Coches.swift */,
				B5822BD529709E6800C71650 /* Assets.xcassets */,
				B5822BD729709E6800C71650 /* LaunchScreen.storyboard */,
				B5822BDA29709E6800C71650 /* Info.plist */,
			);
			path = Nueva_App_LHB;
			sourceTree = "<group>";
		};
/* End PBXGroup section */

/* Begin PBXNativeTarget section */
		B5822BC829709E6400C71650 /* Nueva_App_LHB */ = {
			isa = PBXNativeTarget;
			buildConfigurationList = B5822BDD29709E6800C71650 /* Build configuration list for PBXNativeTarget "Nueva_App_LHB" */;
			buildPhases = (
				B5822BC529709E6400C71650 /* Sources */,
				B5822BC629709E6400C71650 /* Frameworks */,
				B5822BC729709E6400C71650 /* Resources */,
			);
			buildRules = (
			);
			dependencies = (
			);
			name = Nueva_App_LHB;
			productName = Nueva_App_LHB;
			productReference = B5822BC929709E6400C71650 /* Nueva_App_LHB.app */;
			productType = "com.apple.product-type.application";
		};
/* End PBXNativeTarget section */

/* Begin PBXProject section */
		B5822BC129709E6400C71650 /* Project object */ = {
			isa = PBXProject;
			attributes = {
				BuildIndependentTargetsInParallel = 1;
				LastSwiftUpdateCheck = 1320;
				LastUpgradeCheck = 1320;
				TargetAttributes = {
					B5822BC829709E6400C71650 = {
						CreatedOnToolsVersion = 13.2;
					};
				};
			};
			buildConfigurationList = B5822BC429709E6400C71650 /* Build configuration list for PBXProject "Nueva_App_LHB" */;
			compatibilityVersion = "Xcode 13.0";
			developmentRegion = en;
			hasScannedForEncodings = 0;
			knownRegions = (
				en,
				Base,
			);
			mainGroup = B5822BC029709E6400C71650;
			productRefGroup = B5822BCA29709E6400C71650 /* Products */;
			projectDirPath = "";
			projectRoot = "";
			targets = (
				B5822BC829709E6400C71650 /* Nueva_App_LHB */,
			);
		};
/* End PBXProject section */

/* Begin PBXResourcesBuildPhase section */
		B5822BC729709E6400C71650 /* Resources */ = {
			isa = PBXResourcesBuildPhase;
			buildActionMask = 2147483647;
			files = (
				B5822BD929709E6800C71650 /* LaunchScreen.storyboard in Resources */,
				B5822BD629709E6800C71650 /* Assets.xcassets in Resources */,
				B5822BD429709E6400C71650 /* Main.storyboard in Resources */,
			);
			runOnlyForDeploymentPostprocessing = 0;
		};
/* End PBXResourcesBuildPhase section */

/* Begin PBXSourcesBuildPhase section */
		B5822BC529709E6400C71650 /* Sources */ = {
			isa = PBXSourcesBuildPhase;
			buildActionMask = 2147483647;
			files = (
				B5822BD129709E6400C71650 /* ViewController.swift in Sources */,
				B567D4A52979D9E0001236F1 /* Celda_Coches.swift in Sources */,
				B51B89892981B7EB00722859 /* nuevoElemento.swift in Sources */,
				B567D4A32979D8DA001236F1 /* Tabla_Coches.swift in Sources */,
				B5822BCD29709E6400C71650 /* AppDelegate.swift in Sources */,
				B5822BCF29709E6400C71650 /* SceneDelegate.swift in Sources */,
			);
			runOnlyForDeploymentPostprocessing = 0;
		};
/* End PBXSourcesBuildPhase section */

/* Begin PBXVariantGroup section */
		B5822BD229709E6400C71650 /* Main.storyboard */ = {
			isa = PBXVariantGroup;
			children = (
				B5822BD329709E6400C71650 /* Base */,
			);
			name = Main.storyboard;
			sourceTree = "<group>";
		};
		B5822BD729709E6800C71650 /* LaunchScreen.storyboard */ = {
			isa = PBXVariantGroup;
			children = (
				B5822BD829709E6800C71650 /* Base */,
			);
			name = LaunchScreen.storyboard;
			sourceTree = "<group>";
		};
/* End PBXVariantGroup section */

/* Begin XCBuildConfiguration section */
		B5822BDB29709E6800C71650 /* Debug */ = {
			isa = XCBuildConfiguration;
			buildSettings = {
				ALWAYS_SEARCH_USER_PATHS = NO;
				CLANG_ANALYZER_NONNULL = YES;
				CLANG_ANALYZER_NUMBER_OBJECT_CONVERSION = YES_AGGRESSIVE;
				CLANG_CXX_LANGUAGE_STANDARD = "gnu++17";
				CLANG_CXX_LIBRARY = "libc++";
				CLANG_ENABLE_MODULES = YES;
				CLANG_ENABLE_OBJC_ARC = YES;
				CLANG_ENABLE_OBJC_WEAK = YES;
				CLANG_WARN_BLOCK_CAPTURE_AUTORELEASING = YES;
				CLANG_WARN_BOOL_CONVERSION = YES;
				CLANG_WARN_COMMA = YES;
				CLANG_WARN_CONSTANT_CONVERSION = YES;
				CLANG_WARN_DEPRECATED_OBJC_IMPLEMENTATIONS = YES;
				CLANG_WARN_DIRECT_OBJC_ISA_USAGE = YES_ERROR;
				CLANG_WARN_DOCUMENTATION_COMMENTS = YES;
				CLANG_WARN_EMPTY_BODY = YES;
				CLANG_WARN_ENUM_CONVERSION = YES;
				CLANG_WARN_INFINITE_RECURSION = YES;
				CLANG_WARN_INT_CONVERSION = YES;
				CLANG_WARN_NON_LITERAL_NULL_CONVERSION = YES;
				CLANG_WARN_OBJC_IMPLICIT_RETAIN_SELF = YES;
				CLANG_WARN_OBJC_LITERAL_CONVERSION = YES;
				CLANG_WARN_OBJC_ROOT_CLASS = YES_ERROR;
				CLANG_WARN_QUOTED_INCLUDE_IN_FRAMEWORK_HEADER = YES;
				CLANG_WARN_RANGE_LOOP_ANALYSIS = YES;
				CLANG_WARN_STRICT_PROTOTYPES = YES;
				CLANG_WARN_SUSPICIOUS_MOVE = YES;
				CLANG_WARN_UNGUARDED_AVAILABILITY = YES_AGGRESSIVE;
				CLANG_WARN_UNREACHABLE_CODE = YES;
				CLANG_WARN__DUPLICATE_METHOD_MATCH = YES;
				COPY_PHASE_STRIP = NO;
				DEBUG_INFORMATION_FORMAT = dwarf;
				ENABLE_STRICT_OBJC_MSGSEND = YES;
				ENABLE_TESTABILITY = YES;
				GCC_C_LANGUAGE_STANDARD = gnu11;
				GCC_DYNAMIC_NO_PIC = NO;
				GCC_NO_COMMON_BLOCKS = YES;
				GCC_OPTIMIZATION_LEVEL = 0;
				GCC_PREPROCESSOR_DEFINITIONS = (
					"DEBUG=1",
					"$(inherited)",
				);
				GCC_WARN_64_TO_32_BIT_CONVERSION = YES;
				GCC_WARN_ABOUT_RETURN_TYPE = YES_ERROR;
				GCC_WARN_UNDECLARED_SELECTOR = YES;
				GCC_WARN_UNINITIALIZED_AUTOS = YES_AGGRESSIVE;
				GCC_WARN_UNUSED_FUNCTION = YES;
				GCC_WARN_UNUSED_VARIABLE = YES;
				IPHONEOS_DEPLOYMENT_TARGET = 15.2;
				MTL_ENABLE_DEBUG_INFO = INCLUDE_SOURCE;
				MTL_FAST_MATH = YES;
				ONLY_ACTIVE_ARCH = YES;
				SDKROOT = iphoneos;
				SWIFT_ACTIVE_COMPILATION_CONDITIONS = DEBUG;
				SWIFT_OPTIMIZATION_LEVEL = "-Onone";
			};
			name = Debug;
		};
		B5822BDC29709E6800C71650 /* Release */ = {
			isa = XCBuildConfiguration;
			buildSettings = {
				ALWAYS_SEARCH_USER_PATHS = NO;
				CLANG_ANALYZER_NONNULL = YES;
				CLANG_ANALYZER_NUMBER_OBJECT_CONVERSION = YES_AGGRESSIVE;
				CLANG_CXX_LANGUAGE_STANDARD = "gnu++17";
				CLANG_CXX_LIBRARY = "libc++";
				CLANG_ENABLE_MODULES = YES;
				CLANG_ENABLE_OBJC_ARC = YES;
				CLANG_ENABLE_OBJC_WEAK = YES;
				CLANG_WARN_BLOCK_CAPTURE_AUTORELEASING = YES;
				CLANG_WARN_BOOL_CONVERSION = YES;
				CLANG_WARN_COMMA = YES;
				CLANG_WARN_CONSTANT_CONVERSION = YES;
				CLANG_WARN_DEPRECATED_OBJC_IMPLEMENTATIONS = YES;
				CLANG_WARN_DIRECT_OBJC_ISA_USAGE = YES_ERROR;
				CLANG_WARN_DOCUMENTATION_COMMENTS = YES;
				CLANG_WARN_EMPTY_BODY = YES;
				CLANG_WARN_ENUM_CONVERSION = YES;
				CLANG_WARN_INFINITE_RECURSION = YES;
				CLANG_WARN_INT_CONVERSION = YES;
				CLANG_WARN_NON_LITERAL_NULL_CONVERSION = YES;
				CLANG_WARN_OBJC_IMPLICIT_RETAIN_SELF = YES;
				CLANG_WARN_OBJC_LITERAL_CONVERSION = YES;
				CLANG_WARN_OBJC_ROOT_CLASS = YES_ERROR;
				CLANG_WARN_QUOTED_INCLUDE_IN_FRAMEWORK_HEADER = YES;
				CLANG_WARN_RANGE_LOOP_ANALYSIS = YES;
				CLANG_WARN_STRICT_PROTOTYPES = YES;
				CLANG_WARN_SUSPICIOUS_MOVE = YES;
				CLANG_WARN_UNGUARDED_AVAILABILITY = YES_AGGRESSIVE;
				CLANG_WARN_UNREACHABLE_CODE = YES;
				CLANG_WARN__DUPLICATE_METHOD_MATCH = YES;
				COPY_PHASE_STRIP = NO;
				DEBUG_INFORMATION_FORMAT = "dwarf-with-dsym";
				ENABLE_NS_ASSERTIONS = NO;
				ENABLE_STRICT_OBJC_MSGSEND = YES;
				GCC_C_LANGUAGE_STANDARD = gnu11;
				GCC_NO_COMMON_BLOCKS = YES;
				GCC_WARN_64_TO_32_BIT_CONVERSION = YES;
				GCC_WARN_ABOUT_RETURN_TYPE = YES_ERROR;
				GCC_WARN_UNDECLARED_SELECTOR = YES;
				GCC_WARN_UNINITIALIZED_AUTOS = YES_AGGRESSIVE;
				GCC_WARN_UNUSED_FUNCTION = YES;
				GCC_WARN_UNUSED_VARIABLE = YES;
				IPHONEOS_DEPLOYMENT_TARGET = 15.2;
				MTL_ENABLE_DEBUG_INFO = NO;
				MTL_FAST_MATH = YES;
				SDKROOT = iphoneos;
				SWIFT_COMPILATION_MODE = wholemodule;
				SWIFT_OPTIMIZATION_LEVEL = "-O";
				VALIDATE_PRODUCT = YES;
			};
			name = Release;
		};
		B5822BDE29709E6800C71650 /* Debug */ = {
			isa = XCBuildConfiguration;
			buildSettings = {
				ASSETCATALOG_COMPILER_APPICON_NAME = AppIcon;
				ASSETCATALOG_COMPILER_GLOBAL_ACCENT_COLOR_NAME = AccentColor;
				CODE_SIGN_STYLE = Automatic;
				CURRENT_PROJECT_VERSION = 1;
				GENERATE_INFOPLIST_FILE = YES;
				INFOPLIST_FILE = Nueva_App_LHB/Info.plist;
				INFOPLIST_KEY_UIApplicationSupportsIndirectInputEvents = YES;
				INFOPLIST_KEY_UILaunchStoryboardName = LaunchScreen;
				INFOPLIST_KEY_UIMainStoryboardFile = Main;
				INFOPLIST_KEY_UISupportedInterfaceOrientations_iPad = "UIInterfaceOrientationPortrait UIInterfaceOrientationPortraitUpsideDown UIInterfaceOrientationLandscapeLeft UIInterfaceOrientationLandscapeRight";
				INFOPLIST_KEY_UISupportedInterfaceOrientations_iPhone = "UIInterfaceOrientationPortrait UIInterfaceOrientationLandscapeLeft UIInterfaceOrientationLandscapeRight";
				LD_RUNPATH_SEARCH_PATHS = (
					"$(inherited)",
					"@executable_path/Frameworks",
				);
				MARKETING_VERSION = 1.0;
				PRODUCT_BUNDLE_IDENTIFIER = "mx.fca.unam.Nueva-App-LHB";
				PRODUCT_NAME = "$(TARGET_NAME)";
				SWIFT_EMIT_LOC_STRINGS = YES;
				SWIFT_VERSION = 5.0;
				TARGETED_DEVICE_FAMILY = "1,2";
			};
			name = Debug;
		};
		B5822BDF29709E6800C71650 /* Release */ = {
			isa = XCBuildConfiguration;
			buildSettings = {
				ASSETCATALOG_COMPILER_APPICON_NAME = AppIcon;
				ASSETCATALOG_COMPILER_GLOBAL_ACCENT_COLOR_NAME = AccentColor;
				CODE_SIGN_STYLE = Automatic;
				CURRENT_PROJECT_VERSION = 1;
				GENERATE_INFOPLIST_FILE = YES;
				INFOPLIST_FILE = Nueva_App_LHB/Info.plist;
				INFOPLIST_KEY_UIApplicationSupportsIndirectInputEvents = YES;
				INFOPLIST_KEY_UILaunchStoryboardName = LaunchScreen;
				INFOPLIST_KEY_UIMainStoryboardFile = Main;
				INFOPLIST_KEY_UISupportedInterfaceOrientations_iPad = "UIInterfaceOrientationPortrait UIInterfaceOrientationPortraitUpsideDown UIInterfaceOrientationLandscapeLeft UIInterfaceOrientationLandscapeRight";
				INFOPLIST_KEY_UISupportedInterfaceOrientations_iPhone = "UIInterfaceOrientationPortrait UIInterfaceOrientationLandscapeLeft UIInterfaceOrientationLandscapeRight";
				LD_RUNPATH_SEARCH_PATHS = (
					"$(inherited)",
					"@executable_path/Frameworks",
				);
				MARKETING_VERSION = 1.0;
				PRODUCT_BUNDLE_IDENTIFIER = "mx.fca.unam.Nueva-App-LHB";
				PRODUCT_NAME = "$(TARGET_NAME)";
				SWIFT_EMIT_LOC_STRINGS = YES;
				SWIFT_VERSION = 5.0;
				TARGETED_DEVICE_FAMILY = "1,2";
			};
			name = Release;
		};
/* End XCBuildConfiguration section */

/* Begin XCConfigurationList section */
		B5822BC429709E6400C71650 /* Build configuration list for PBXProject "Nueva_App_LHB" */ = {
			isa = XCConfigurationList;
			buildConfigurations = (
				B5822BDB29709E6800C71650 /* Debug */,
				B5822BDC29709E6800C71650 /* Release */,
			);
			defaultConfigurationIsVisible = 0;
			defaultConfigurationName = Release;
		};
		B5822BDD29709E6800C71650 /* Build configuration list for PBXNativeTarget "Nueva_App_LHB" */ = {
			isa = XCConfigurationList;
			buildConfigurations = (
				B5822BDE29709E6800C71650 /* Debug */,
				B5822BDF29709E6800C71650 /* Release */,
			);
			defaultConfigurationIsVisible = 0;
			defaultConfigurationName = Release;
		};
/* End XCConfigurationList section */
	};
	rootObject = B5822BC129709E6400C71650 /* Project object */;
}
